
Microsoft Visual Studio Solution File, Format Version 12.00
# Visual Studio Version 16
VisualStudioVersion = 16.0.31624.102
MinimumVisualStudioVersion = 10.0.40219.1
Project("{FAE04EC0-301F-11D3-BF4B-00C04F79EFBC}") = "TienditaAPI", "TienditaAPI\TienditaAPI.csproj", "{5A66C2AE-E37F-44F9-B321-CEF5DEB819AB}"
EndProject
Global
	GlobalSection(SolutionConfigurationPlatforms) = preSolution
		Debug|Any CPU = Debug|Any CPU
		Release|Any CPU = Release|Any CPU
	EndGlobalSection
	GlobalSection(ProjectConfigurationPlatforms) = postSolution
		{5A66C2AE-E37F-44F9-B321-CEF5DEB819AB}.Debug|Any CPU.ActiveCfg = Debug|Any CPU
		{5A66C2AE-E37F-44F9-B321-CEF5DEB819AB}.Debug|Any CPU.Build.0 = Debug|Any CPU
		{5A66C2AE-E37F-44F9-B321-CEF5DEB819AB}.Release|Any CPU.ActiveCfg = Release|Any CPU
		{5A66C2AE-E37F-44F9-B321-CEF5DEB819AB}.Release|Any CPU.Build.0 = Release|Any CPU
	EndGlobalSection
	GlobalSection(SolutionProperties) = preSolution
		HideSolutionNode = FALSE
	EndGlobalSection
	GlobalSection(ExtensibilityGlobals) = postSolution
		SolutionGuid = {7B89BC02-0D54-45AD-BA4D-5C56F0C1930A}
	EndGlobalSection
EndGlobal
